// !$*UTF8*$!
{
	archiveVersion = 1;
	classes = {
	};
	objectVersion = 50;
	objects = {

/* Begin PBXBuildFile section */
		01D18D92619658376F9E1845 /* Pods_WeatherForecast.framework in Frameworks */ = {isa = PBXBuildFile; fileRef = F111E1C6D5B75CD0CC68C79E /* Pods_WeatherForecast.framework */; };
		93FD6C3A208BA9F60060FEA0 /* AppDelegate.swift in Sources */ = {isa = PBXBuildFile; fileRef = 93FD6C39208BA9F60060FEA0 /* AppDelegate.swift */; };
		93FD6C3F208BA9F60060FEA0 /* Main.storyboard in Resources */ = {isa = PBXBuildFile; fileRef = 93FD6C3D208BA9F60060FEA0 /* Main.storyboard */; };
		93FD6C41208BA9F80060FEA0 /* Assets.xcassets in Resources */ = {isa = PBXBuildFile; fileRef = 93FD6C40208BA9F80060FEA0 /* Assets.xcassets */; };
		93FD6C44208BA9F80060FEA0 /* LaunchScreen.storyboard in Resources */ = {isa = PBXBuildFile; fileRef = 93FD6C42208BA9F80060FEA0 /* LaunchScreen.storyboard */; };
		93FD6C52208BAAAC0060FEA0 /* RootNavigationController.swift in Sources */ = {isa = PBXBuildFile; fileRef = 93FD6C51208BAAAC0060FEA0 /* RootNavigationController.swift */; };
		93FD6C56208BAB190060FEA0 /* WeatherViewController.swift in Sources */ = {isa = PBXBuildFile; fileRef = 93FD6C55208BAB190060FEA0 /* WeatherViewController.swift */; };
		93FD6C58208BABBC0060FEA0 /* WeatherChartViewController.swift in Sources */ = {isa = PBXBuildFile; fileRef = 93FD6C57208BABBC0060FEA0 /* WeatherChartViewController.swift */; };
		93FD6C66208BAC1F0060FEA0 /* Model.swift in Sources */ = {isa = PBXBuildFile; fileRef = 93FD6C5B208BAC1F0060FEA0 /* Model.swift */; };
		93FD6C67208BAC1F0060FEA0 /* RMLModel.swift in Sources */ = {isa = PBXBuildFile; fileRef = 93FD6C5C208BAC1F0060FEA0 /* RMLModel.swift */; };
		93FD6C68208BAC1F0060FEA0 /* WeakBox.swift in Sources */ = {isa = PBXBuildFile; fileRef = 93FD6C5D208BAC1F0060FEA0 /* WeakBox.swift */; };
		93FD6C69208BAC1F0060FEA0 /* Atomic.swift in Sources */ = {isa = PBXBuildFile; fileRef = 93FD6C5E208BAC1F0060FEA0 /* Atomic.swift */; };
		93FD6C6C208BAC1F0060FEA0 /* ID.swift in Sources */ = {isa = PBXBuildFile; fileRef = 93FD6C63208BAC1F0060FEA0 /* ID.swift */; };
		93FD6C6D208BAC1F0060FEA0 /* IDProvider.swift in Sources */ = {isa = PBXBuildFile; fileRef = 93FD6C64208BAC1F0060FEA0 /* IDProvider.swift */; };
		93FD6C6E208BAC1F0060FEA0 /* Realm+Extension.swift in Sources */ = {isa = PBXBuildFile; fileRef = 93FD6C65208BAC1F0060FEA0 /* Realm+Extension.swift */; };
		93FD6C70208BAD190060FEA0 /* Optinal+Extension.swift in Sources */ = {isa = PBXBuildFile; fileRef = 93FD6C6F208BAD190060FEA0 /* Optinal+Extension.swift */; };
		93FD6C73208BAD490060FEA0 /* Codable+Extension.swift in Sources */ = {isa = PBXBuildFile; fileRef = 93FD6C72208BAD490060FEA0 /* Codable+Extension.swift */; };
		93FD6C75208BAD840060FEA0 /* Functions.swift in Sources */ = {isa = PBXBuildFile; fileRef = 93FD6C74208BAD840060FEA0 /* Functions.swift */; };
		93FD6C7D208BBB8C0060FEA0 /* WeatherRegions.swift in Sources */ = {isa = PBXBuildFile; fileRef = 93FD6C7C208BBB8C0060FEA0 /* WeatherRegions.swift */; };
		93FD6C80208BBFE20060FEA0 /* Constans.swift in Sources */ = {isa = PBXBuildFile; fileRef = 93FD6C7F208BBFE20060FEA0 /* Constans.swift */; };
		93FD6C82208BC5FD0060FEA0 /* EndPoinst.swift in Sources */ = {isa = PBXBuildFile; fileRef = 93FD6C81208BC5FD0060FEA0 /* EndPoinst.swift */; };
		93FD6C84208BC7A60060FEA0 /* ApiConstans.swift in Sources */ = {isa = PBXBuildFile; fileRef = 93FD6C83208BC7A60060FEA0 /* ApiConstans.swift */; };
		93FD6C86208BCC6F0060FEA0 /* ApiClient.swift in Sources */ = {isa = PBXBuildFile; fileRef = 93FD6C85208BCC6F0060FEA0 /* ApiClient.swift */; };
		93FD6C88208BCEEC0060FEA0 /* Weather.swift in Sources */ = {isa = PBXBuildFile; fileRef = 93FD6C87208BCEEC0060FEA0 /* Weather.swift */; };
		93FD6C8B208BCF0C0060FEA0 /* RLMWeather.swift in Sources */ = {isa = PBXBuildFile; fileRef = 93FD6C8A208BCF0C0060FEA0 /* RLMWeather.swift */; };
		93FD6C8D208C987E0060FEA0 /* UIViewController+Extension.swift in Sources */ = {isa = PBXBuildFile; fileRef = 93FD6C8C208C987E0060FEA0 /* UIViewController+Extension.swift */; };
		93FD6C8F208C99040060FEA0 /* RawRepresentable.swift in Sources */ = {isa = PBXBuildFile; fileRef = 93FD6C8E208C99040060FEA0 /* RawRepresentable.swift */; };
		93FD6C93208C99220060FEA0 /* UINib+Extension.swift in Sources */ = {isa = PBXBuildFile; fileRef = 93FD6C92208C99220060FEA0 /* UINib+Extension.swift */; };
		93FD6C95208C99620060FEA0 /* UICollectionView+Extension.swift in Sources */ = {isa = PBXBuildFile; fileRef = 93FD6C94208C99620060FEA0 /* UICollectionView+Extension.swift */; };
		93FD6C97208C997E0060FEA0 /* UIViewController+Alert.swift in Sources */ = {isa = PBXBuildFile; fileRef = 93FD6C96208C997E0060FEA0 /* UIViewController+Alert.swift */; };
		93FD6C9B208C99B60060FEA0 /* String+Extension.swift in Sources */ = {isa = PBXBuildFile; fileRef = 93FD6C9A208C99B60060FEA0 /* String+Extension.swift */; };
		93FD6C9D208C9FCC0060FEA0 /* AbstractApiClient.swift in Sources */ = {isa = PBXBuildFile; fileRef = 93FD6C9C208C9FCC0060FEA0 /* AbstractApiClient.swift */; };
		93FD6C9F208CAA120060FEA0 /* City.swift in Sources */ = {isa = PBXBuildFile; fileRef = 93FD6C9E208CAA120060FEA0 /* City.swift */; };
		93FD6CA1208CAA2E0060FEA0 /* RLMCity.swift in Sources */ = {isa = PBXBuildFile; fileRef = 93FD6CA0208CAA2E0060FEA0 /* RLMCity.swift */; };
		93FD6CA3208CB8530060FEA0 /* LocalStorageManager.swift in Sources */ = {isa = PBXBuildFile; fileRef = 93FD6CA2208CB8530060FEA0 /* LocalStorageManager.swift */; };
		93FD6CA5208CB8EE0060FEA0 /* LocalStoreManager+Public.swift in Sources */ = {isa = PBXBuildFile; fileRef = 93FD6CA4208CB8EE0060FEA0 /* LocalStoreManager+Public.swift */; };
		93FD6CA7208CCA280060FEA0 /* DataManager.swift in Sources */ = {isa = PBXBuildFile; fileRef = 93FD6CA6208CCA280060FEA0 /* DataManager.swift */; };
		93FD6CAE208CDE3E0060FEA0 /* WeatherCollectionViewCell.swift in Sources */ = {isa = PBXBuildFile; fileRef = 93FD6CAC208CDE3E0060FEA0 /* WeatherCollectionViewCell.swift */; };
		93FD6CAF208CDE3E0060FEA0 /* WeatherCollectionViewCell.xib in Resources */ = {isa = PBXBuildFile; fileRef = 93FD6CAD208CDE3E0060FEA0 /* WeatherCollectionViewCell.xib */; };
/* End PBXBuildFile section */

/* Begin PBXFileReference section */
		93FD6C36208BA9F60060FEA0 /* WeatherForecast.app */ = {isa = PBXFileReference; explicitFileType = wrapper.application; includeInIndex = 0; path = WeatherForecast.app; sourceTree = BUILT_PRODUCTS_DIR; };
		93FD6C39208BA9F60060FEA0 /* AppDelegate.swift */ = {isa = PBXFileReference; lastKnownFileType = sourcecode.swift; path = AppDelegate.swift; sourceTree = "<group>"; };
		93FD6C3E208BA9F60060FEA0 /* Base */ = {isa = PBXFileReference; lastKnownFileType = file.storyboard; name = Base; path = Base.lproj/Main.storyboard; sourceTree = "<group>"; };
		93FD6C40208BA9F80060FEA0 /* Assets.xcassets */ = {isa = PBXFileReference; lastKnownFileType = folder.assetcatalog; path = Assets.xcassets; sourceTree = "<group>"; };
		93FD6C43208BA9F80060FEA0 /* Base */ = {isa = PBXFileReference; lastKnownFileType = file.storyboard; name = Base; path = Base.lproj/LaunchScreen.storyboard; sourceTree = "<group>"; };
		93FD6C45208BA9F80060FEA0 /* Info.plist */ = {isa = PBXFileReference; lastKnownFileType = text.plist.xml; path = Info.plist; sourceTree = "<group>"; };
		93FD6C51208BAAAC0060FEA0 /* RootNavigationController.swift */ = {isa = PBXFileReference; lastKnownFileType = sourcecode.swift; path = RootNavigationController.swift; sourceTree = "<group>"; };
		93FD6C55208BAB190060FEA0 /* WeatherViewController.swift */ = {isa = PBXFileReference; lastKnownFileType = sourcecode.swift; path = WeatherViewController.swift; sourceTree = "<group>"; };
		93FD6C57208BABBC0060FEA0 /* WeatherChartViewController.swift */ = {isa = PBXFileReference; lastKnownFileType = sourcecode.swift; path = WeatherChartViewController.swift; sourceTree = "<group>"; };
		93FD6C5B208BAC1F0060FEA0 /* Model.swift */ = {isa = PBXFileReference; fileEncoding = 4; lastKnownFileType = sourcecode.swift; path = Model.swift; sourceTree = "<group>"; };
		93FD6C5C208BAC1F0060FEA0 /* RMLModel.swift */ = {isa = PBXFileReference; fileEncoding = 4; lastKnownFileType = sourcecode.swift; path = RMLModel.swift; sourceTree = "<group>"; };
		93FD6C5D208BAC1F0060FEA0 /* WeakBox.swift */ = {isa = PBXFileReference; fileEncoding = 4; lastKnownFileType = sourcecode.swift; path = WeakBox.swift; sourceTree = "<group>"; };
		93FD6C5E208BAC1F0060FEA0 /* Atomic.swift */ = {isa = PBXFileReference; fileEncoding = 4; lastKnownFileType = sourcecode.swift; path = Atomic.swift; sourceTree = "<group>"; };
		93FD6C63208BAC1F0060FEA0 /* ID.swift */ = {isa = PBXFileReference; fileEncoding = 4; lastKnownFileType = sourcecode.swift; path = ID.swift; sourceTree = "<group>"; };
		93FD6C64208BAC1F0060FEA0 /* IDProvider.swift */ = {isa = PBXFileReference; fileEncoding = 4; lastKnownFileType = sourcecode.swift; path = IDProvider.swift; sourceTree = "<group>"; };
		93FD6C65208BAC1F0060FEA0 /* Realm+Extension.swift */ = {isa = PBXFileReference; fileEncoding = 4; lastKnownFileType = sourcecode.swift; path = "Realm+Extension.swift"; sourceTree = "<group>"; };
		93FD6C6F208BAD190060FEA0 /* Optinal+Extension.swift */ = {isa = PBXFileReference; lastKnownFileType = sourcecode.swift; path = "Optinal+Extension.swift"; sourceTree = "<group>"; };
		93FD6C72208BAD490060FEA0 /* Codable+Extension.swift */ = {isa = PBXFileReference; fileEncoding = 4; lastKnownFileType = sourcecode.swift; path = "Codable+Extension.swift"; sourceTree = "<group>"; };
		93FD6C74208BAD840060FEA0 /* Functions.swift */ = {isa = PBXFileReference; fileEncoding = 4; lastKnownFileType = sourcecode.swift; path = Functions.swift; sourceTree = "<group>"; };
		93FD6C7C208BBB8C0060FEA0 /* WeatherRegions.swift */ = {isa = PBXFileReference; lastKnownFileType = sourcecode.swift; path = WeatherRegions.swift; sourceTree = "<group>"; };
		93FD6C7F208BBFE20060FEA0 /* Constans.swift */ = {isa = PBXFileReference; lastKnownFileType = sourcecode.swift; path = Constans.swift; sourceTree = "<group>"; };
		93FD6C81208BC5FD0060FEA0 /* EndPoinst.swift */ = {isa = PBXFileReference; lastKnownFileType = sourcecode.swift; path = EndPoinst.swift; sourceTree = "<group>"; };
		93FD6C83208BC7A60060FEA0 /* ApiConstans.swift */ = {isa = PBXFileReference; lastKnownFileType = sourcecode.swift; path = ApiConstans.swift; sourceTree = "<group>"; };
		93FD6C85208BCC6F0060FEA0 /* ApiClient.swift */ = {isa = PBXFileReference; lastKnownFileType = sourcecode.swift; path = ApiClient.swift; sourceTree = "<group>"; };
		93FD6C87208BCEEC0060FEA0 /* Weather.swift */ = {isa = PBXFileReference; lastKnownFileType = sourcecode.swift; path = Weather.swift; sourceTree = "<group>"; };
		93FD6C8A208BCF0C0060FEA0 /* RLMWeather.swift */ = {isa = PBXFileReference; lastKnownFileType = sourcecode.swift; path = RLMWeather.swift; sourceTree = "<group>"; };
		93FD6C8C208C987E0060FEA0 /* UIViewController+Extension.swift */ = {isa = PBXFileReference; fileEncoding = 4; lastKnownFileType = sourcecode.swift; path = "UIViewController+Extension.swift"; sourceTree = "<group>"; };
		93FD6C8E208C99040060FEA0 /* RawRepresentable.swift */ = {isa = PBXFileReference; fileEncoding = 4; lastKnownFileType = sourcecode.swift; path = RawRepresentable.swift; sourceTree = "<group>"; };
		93FD6C92208C99220060FEA0 /* UINib+Extension.swift */ = {isa = PBXFileReference; fileEncoding = 4; lastKnownFileType = sourcecode.swift; path = "UINib+Extension.swift"; sourceTree = "<group>"; };
		93FD6C94208C99620060FEA0 /* UICollectionView+Extension.swift */ = {isa = PBXFileReference; fileEncoding = 4; lastKnownFileType = sourcecode.swift; path = "UICollectionView+Extension.swift"; sourceTree = "<group>"; };
		93FD6C96208C997E0060FEA0 /* UIViewController+Alert.swift */ = {isa = PBXFileReference; fileEncoding = 4; lastKnownFileType = sourcecode.swift; path = "UIViewController+Alert.swift"; sourceTree = "<group>"; };
		93FD6C9A208C99B60060FEA0 /* String+Extension.swift */ = {isa = PBXFileReference; fileEncoding = 4; lastKnownFileType = sourcecode.swift; path = "String+Extension.swift"; sourceTree = "<group>"; };
		93FD6C9C208C9FCC0060FEA0 /* AbstractApiClient.swift */ = {isa = PBXFileReference; fileEncoding = 4; lastKnownFileType = sourcecode.swift; path = AbstractApiClient.swift; sourceTree = "<group>"; };
		93FD6C9E208CAA120060FEA0 /* City.swift */ = {isa = PBXFileReference; lastKnownFileType = sourcecode.swift; path = City.swift; sourceTree = "<group>"; };
		93FD6CA0208CAA2E0060FEA0 /* RLMCity.swift */ = {isa = PBXFileReference; lastKnownFileType = sourcecode.swift; path = RLMCity.swift; sourceTree = "<group>"; };
		93FD6CA2208CB8530060FEA0 /* LocalStorageManager.swift */ = {isa = PBXFileReference; fileEncoding = 4; lastKnownFileType = sourcecode.swift; path = LocalStorageManager.swift; sourceTree = "<group>"; };
		93FD6CA4208CB8EE0060FEA0 /* LocalStoreManager+Public.swift */ = {isa = PBXFileReference; lastKnownFileType = sourcecode.swift; path = "LocalStoreManager+Public.swift"; sourceTree = "<group>"; };
		93FD6CA6208CCA280060FEA0 /* DataManager.swift */ = {isa = PBXFileReference; lastKnownFileType = sourcecode.swift; path = DataManager.swift; sourceTree = "<group>"; };
		93FD6CAC208CDE3E0060FEA0 /* WeatherCollectionViewCell.swift */ = {isa = PBXFileReference; lastKnownFileType = sourcecode.swift; path = WeatherCollectionViewCell.swift; sourceTree = "<group>"; };
		93FD6CAD208CDE3E0060FEA0 /* WeatherCollectionViewCell.xib */ = {isa = PBXFileReference; lastKnownFileType = file.xib; path = WeatherCollectionViewCell.xib; sourceTree = "<group>"; };
		A9914B188F1111B972420176 /* Pods-WeatherForecast.release.xcconfig */ = {isa = PBXFileReference; includeInIndex = 1; lastKnownFileType = text.xcconfig; name = "Pods-WeatherForecast.release.xcconfig"; path = "Pods/Target Support Files/Pods-WeatherForecast/Pods-WeatherForecast.release.xcconfig"; sourceTree = "<group>"; };
		B0288AF0179C53B386463B28 /* Pods-WeatherForecast.debug.xcconfig */ = {isa = PBXFileReference; includeInIndex = 1; lastKnownFileType = text.xcconfig; name = "Pods-WeatherForecast.debug.xcconfig"; path = "Pods/Target Support Files/Pods-WeatherForecast/Pods-WeatherForecast.debug.xcconfig"; sourceTree = "<group>"; };
		F111E1C6D5B75CD0CC68C79E /* Pods_WeatherForecast.framework */ = {isa = PBXFileReference; explicitFileType = wrapper.framework; includeInIndex = 0; path = Pods_WeatherForecast.framework; sourceTree = BUILT_PRODUCTS_DIR; };
/* End PBXFileReference section */

/* Begin PBXFrameworksBuildPhase section */
		93FD6C33208BA9F60060FEA0 /* Frameworks */ = {
			isa = PBXFrameworksBuildPhase;
			buildActionMask = 2147483647;
			files = (
				01D18D92619658376F9E1845 /* Pods_WeatherForecast.framework in Frameworks */,
			);
			runOnlyForDeploymentPostprocessing = 0;
		};
/* End PBXFrameworksBuildPhase section */

/* Begin PBXGroup section */
		2D41B0D5589FE52BEEC730AA /* Pods */ = {
			isa = PBXGroup;
			children = (
				B0288AF0179C53B386463B28 /* Pods-WeatherForecast.debug.xcconfig */,
				A9914B188F1111B972420176 /* Pods-WeatherForecast.release.xcconfig */,
			);
			name = Pods;
			sourceTree = "<group>";
		};
		912DFF7E6F2FDE338CDF72B3 /* Frameworks */ = {
			isa = PBXGroup;
			children = (
				F111E1C6D5B75CD0CC68C79E /* Pods_WeatherForecast.framework */,
			);
			name = Frameworks;
			sourceTree = "<group>";
		};
		93FD6C2D208BA9F50060FEA0 = {
			isa = PBXGroup;
			children = (
				93FD6C38208BA9F60060FEA0 /* WeatherForecast */,
				93FD6C37208BA9F60060FEA0 /* Products */,
				2D41B0D5589FE52BEEC730AA /* Pods */,
				912DFF7E6F2FDE338CDF72B3 /* Frameworks */,
			);
			sourceTree = "<group>";
		};
		93FD6C37208BA9F60060FEA0 /* Products */ = {
			isa = PBXGroup;
			children = (
				93FD6C36208BA9F60060FEA0 /* WeatherForecast.app */,
			);
			name = Products;
			sourceTree = "<group>";
		};
		93FD6C38208BA9F60060FEA0 /* WeatherForecast */ = {
			isa = PBXGroup;
			children = (
				93FD6CA8208CCA3E0060FEA0 /* Services */,
				93FD6C7E208BBFC50060FEA0 /* Constants */,
				93FD6C76208BAFB10060FEA0 /* RealmStorage */,
				93FD6C71208BAD290060FEA0 /* Functions */,
				93FD6C54208BAAC40060FEA0 /* Resources */,
				93FD6C50208BAA740060FEA0 /* Models */,
				93FD6C4E208BAA5C0060FEA0 /* Network */,
				93FD6C4D208BAA420060FEA0 /* VIews */,
				93FD6C4C208BAA270060FEA0 /* Extensions */,
				93FD6C4B208BAA190060FEA0 /* ViewControllers */,
				93FD6C53208BAAB90060FEA0 /* Storyboard */,
				93FD6C39208BA9F60060FEA0 /* AppDelegate.swift */,
				93FD6C45208BA9F80060FEA0 /* Info.plist */,
			);
			path = WeatherForecast;
			sourceTree = "<group>";
		};
		93FD6C4B208BAA190060FEA0 /* ViewControllers */ = {
			isa = PBXGroup;
			children = (
				93FD6C51208BAAAC0060FEA0 /* RootNavigationController.swift */,
				93FD6C55208BAB190060FEA0 /* WeatherViewController.swift */,
				93FD6C57208BABBC0060FEA0 /* WeatherChartViewController.swift */,
			);
			path = ViewControllers;
			sourceTree = "<group>";
		};
		93FD6C4C208BAA270060FEA0 /* Extensions */ = {
			isa = PBXGroup;
			children = (
				93FD6C94208C99620060FEA0 /* UICollectionView+Extension.swift */,
				93FD6C92208C99220060FEA0 /* UINib+Extension.swift */,
				93FD6C96208C997E0060FEA0 /* UIViewController+Alert.swift */,
				93FD6C8E208C99040060FEA0 /* RawRepresentable.swift */,
				93FD6C9A208C99B60060FEA0 /* String+Extension.swift */,
				93FD6C8C208C987E0060FEA0 /* UIViewController+Extension.swift */,
				93FD6C72208BAD490060FEA0 /* Codable+Extension.swift */,
				93FD6C6F208BAD190060FEA0 /* Optinal+Extension.swift */,
			);
			path = Extensions;
			sourceTree = "<group>";
		};
		93FD6C4D208BAA420060FEA0 /* VIews */ = {
			isa = PBXGroup;
			children = (
				93FD6CAB208CDE100060FEA0 /* CollectionView */,
			);
			path = VIews;
			sourceTree = "<group>";
		};
		93FD6C4E208BAA5C0060FEA0 /* Network */ = {
			isa = PBXGroup;
			children = (
				93FD6C9C208C9FCC0060FEA0 /* AbstractApiClient.swift */,
				93FD6C81208BC5FD0060FEA0 /* EndPoinst.swift */,
				93FD6C83208BC7A60060FEA0 /* ApiConstans.swift */,
				93FD6C85208BCC6F0060FEA0 /* ApiClient.swift */,
			);
			path = Network;
			sourceTree = "<group>";
		};
		93FD6C50208BAA740060FEA0 /* Models */ = {
			isa = PBXGroup;
			children = (
				93FD6C87208BCEEC0060FEA0 /* Weather.swift */,
				93FD6C9E208CAA120060FEA0 /* City.swift */,
				93FD6C89208BCEF70060FEA0 /* RLMModels */,
			);
			path = Models;
			sourceTree = "<group>";
		};
		93FD6C53208BAAB90060FEA0 /* Storyboard */ = {
			isa = PBXGroup;
			children = (
				93FD6C3D208BA9F60060FEA0 /* Main.storyboard */,
				93FD6C42208BA9F80060FEA0 /* LaunchScreen.storyboard */,
			);
			path = Storyboard;
			sourceTree = "<group>";
		};
		93FD6C54208BAAC40060FEA0 /* Resources */ = {
			isa = PBXGroup;
			children = (
				93FD6C40208BA9F80060FEA0 /* Assets.xcassets */,
			);
			path = Resources;
			sourceTree = "<group>";
		};
		93FD6C59208BAC1F0060FEA0 /* RealmModel */ = {
			isa = PBXGroup;
			children = (
				93FD6C5A208BAC1F0060FEA0 /* Abstract */,
				93FD6C5D208BAC1F0060FEA0 /* WeakBox.swift */,
				93FD6C5E208BAC1F0060FEA0 /* Atomic.swift */,
				93FD6C62208BAC1F0060FEA0 /* ID */,
				93FD6C65208BAC1F0060FEA0 /* Realm+Extension.swift */,
			);
			path = RealmModel;
			sourceTree = "<group>";
		};
		93FD6C5A208BAC1F0060FEA0 /* Abstract */ = {
			isa = PBXGroup;
			children = (
				93FD6C5B208BAC1F0060FEA0 /* Model.swift */,
				93FD6C5C208BAC1F0060FEA0 /* RMLModel.swift */,
			);
			path = Abstract;
			sourceTree = "<group>";
		};
		93FD6C62208BAC1F0060FEA0 /* ID */ = {
			isa = PBXGroup;
			children = (
				93FD6C63208BAC1F0060FEA0 /* ID.swift */,
				93FD6C64208BAC1F0060FEA0 /* IDProvider.swift */,
			);
			path = ID;
			sourceTree = "<group>";
		};
		93FD6C71208BAD290060FEA0 /* Functions */ = {
			isa = PBXGroup;
			children = (
				93FD6C74208BAD840060FEA0 /* Functions.swift */,
			);
			path = Functions;
			sourceTree = "<group>";
		};
		93FD6C76208BAFB10060FEA0 /* RealmStorage */ = {
			isa = PBXGroup;
			children = (
				93FD6CA2208CB8530060FEA0 /* LocalStorageManager.swift */,
				93FD6CA4208CB8EE0060FEA0 /* LocalStoreManager+Public.swift */,
				93FD6C59208BAC1F0060FEA0 /* RealmModel */,
			);
			path = RealmStorage;
			sourceTree = "<group>";
		};
		93FD6C7E208BBFC50060FEA0 /* Constants */ = {
			isa = PBXGroup;
			children = (
				93FD6C7C208BBB8C0060FEA0 /* WeatherRegions.swift */,
				93FD6C7F208BBFE20060FEA0 /* Constans.swift */,
			);
			path = Constants;
			sourceTree = "<group>";
		};
		93FD6C89208BCEF70060FEA0 /* RLMModels */ = {
			isa = PBXGroup;
			children = (
				93FD6C8A208BCF0C0060FEA0 /* RLMWeather.swift */,
				93FD6CA0208CAA2E0060FEA0 /* RLMCity.swift */,
			);
			path = RLMModels;
			sourceTree = "<group>";
		};
		93FD6CA8208CCA3E0060FEA0 /* Services */ = {
			isa = PBXGroup;
			children = (
				93FD6CA6208CCA280060FEA0 /* DataManager.swift */,
			);
			path = Services;
			sourceTree = "<group>";
		};
		93FD6CAB208CDE100060FEA0 /* CollectionView */ = {
			isa = PBXGroup;
			children = (
				93FD6CB0208CDE490060FEA0 /* WeatherCollectionViewCell */,
			);
			path = CollectionView;
			sourceTree = "<group>";
		};
		93FD6CB0208CDE490060FEA0 /* WeatherCollectionViewCell */ = {
			isa = PBXGroup;
			children = (
				93FD6CAC208CDE3E0060FEA0 /* WeatherCollectionViewCell.swift */,
				93FD6CAD208CDE3E0060FEA0 /* WeatherCollectionViewCell.xib */,
			);
			path = WeatherCollectionViewCell;
			sourceTree = "<group>";
		};
/* End PBXGroup section */

/* Begin PBXNativeTarget section */
		93FD6C35208BA9F60060FEA0 /* WeatherForecast */ = {
			isa = PBXNativeTarget;
			buildConfigurationList = 93FD6C48208BA9F80060FEA0 /* Build configuration list for PBXNativeTarget "WeatherForecast" */;
			buildPhases = (
				F77DD690F2D4BF19FFCD0602 /* [CP] Check Pods Manifest.lock */,
				93FD6C32208BA9F60060FEA0 /* Sources */,
				93FD6C33208BA9F60060FEA0 /* Frameworks */,
				93FD6C34208BA9F60060FEA0 /* Resources */,
				7EC362669DE11EAE4ADC5FD6 /* [CP] Embed Pods Frameworks */,
				D66CDC03DBFA5104AC466CD8 /* [CP] Copy Pods Resources */,
			);
			buildRules = (
			);
			dependencies = (
			);
			name = WeatherForecast;
			productName = WeatherForecast;
			productReference = 93FD6C36208BA9F60060FEA0 /* WeatherForecast.app */;
			productType = "com.apple.product-type.application";
		};
/* End PBXNativeTarget section */

/* Begin PBXProject section */
		93FD6C2E208BA9F50060FEA0 /* Project object */ = {
			isa = PBXProject;
			attributes = {
				LastSwiftUpdateCheck = 0930;
				LastUpgradeCheck = 0930;
				ORGANIZATIONNAME = "Nikola Andriiev";
				TargetAttributes = {
					93FD6C35208BA9F60060FEA0 = {
						CreatedOnToolsVersion = 9.3;
					};
				};
			};
			buildConfigurationList = 93FD6C31208BA9F50060FEA0 /* Build configuration list for PBXProject "WeatherForecast" */;
			compatibilityVersion = "Xcode 9.3";
			developmentRegion = en;
			hasScannedForEncodings = 0;
			knownRegions = (
				en,
				Base,
			);
			mainGroup = 93FD6C2D208BA9F50060FEA0;
			productRefGroup = 93FD6C37208BA9F60060FEA0 /* Products */;
			projectDirPath = "";
			projectRoot = "";
			targets = (
				93FD6C35208BA9F60060FEA0 /* WeatherForecast */,
			);
		};
/* End PBXProject section */

/* Begin PBXResourcesBuildPhase section */
		93FD6C34208BA9F60060FEA0 /* Resources */ = {
			isa = PBXResourcesBuildPhase;
			buildActionMask = 2147483647;
			files = (
				93FD6C44208BA9F80060FEA0 /* LaunchScreen.storyboard in Resources */,
				93FD6CAF208CDE3E0060FEA0 /* WeatherCollectionViewCell.xib in Resources */,
				93FD6C41208BA9F80060FEA0 /* Assets.xcassets in Resources */,
				93FD6C3F208BA9F60060FEA0 /* Main.storyboard in Resources */,
			);
			runOnlyForDeploymentPostprocessing = 0;
		};
/* End PBXResourcesBuildPhase section */

/* Begin PBXShellScriptBuildPhase section */
		7EC362669DE11EAE4ADC5FD6 /* [CP] Embed Pods Frameworks */ = {
			isa = PBXShellScriptBuildPhase;
			buildActionMask = 2147483647;
			files = (
			);
			inputPaths = (
				"${SRCROOT}/Pods/Target Support Files/Pods-WeatherForecast/Pods-WeatherForecast-frameworks.sh",
				"${BUILT_PRODUCTS_DIR}/Alamofire/Alamofire.framework",
				"${BUILT_PRODUCTS_DIR}/ObjectMapper/ObjectMapper.framework",
				"${BUILT_PRODUCTS_DIR}/ReachabilitySwift/Reachability.framework",
				"${BUILT_PRODUCTS_DIR}/Realm/Realm.framework",
				"${BUILT_PRODUCTS_DIR}/RealmSwift/RealmSwift.framework",
			);
			name = "[CP] Embed Pods Frameworks";
			outputPaths = (
				"${TARGET_BUILD_DIR}/${FRAMEWORKS_FOLDER_PATH}/Alamofire.framework",
				"${TARGET_BUILD_DIR}/${FRAMEWORKS_FOLDER_PATH}/ObjectMapper.framework",
				"${TARGET_BUILD_DIR}/${FRAMEWORKS_FOLDER_PATH}/Reachability.framework",
				"${TARGET_BUILD_DIR}/${FRAMEWORKS_FOLDER_PATH}/Realm.framework",
				"${TARGET_BUILD_DIR}/${FRAMEWORKS_FOLDER_PATH}/RealmSwift.framework",
			);
			runOnlyForDeploymentPostprocessing = 0;
			shellPath = /bin/sh;
			shellScript = "\"${SRCROOT}/Pods/Target Support Files/Pods-WeatherForecast/Pods-WeatherForecast-frameworks.sh\"\n";
			showEnvVarsInLog = 0;
		};
		D66CDC03DBFA5104AC466CD8 /* [CP] Copy Pods Resources */ = {
			isa = PBXShellScriptBuildPhase;
			buildActionMask = 2147483647;
			files = (
			);
			inputPaths = (
			);
			name = "[CP] Copy Pods Resources";
			outputPaths = (
			);
			runOnlyForDeploymentPostprocessing = 0;
			shellPath = /bin/sh;
			shellScript = "\"${SRCROOT}/Pods/Target Support Files/Pods-WeatherForecast/Pods-WeatherForecast-resources.sh\"\n";
			showEnvVarsInLog = 0;
		};
		F77DD690F2D4BF19FFCD0602 /* [CP] Check Pods Manifest.lock */ = {
			isa = PBXShellScriptBuildPhase;
			buildActionMask = 2147483647;
			files = (
			);
			inputPaths = (
				"${PODS_PODFILE_DIR_PATH}/Podfile.lock",
				"${PODS_ROOT}/Manifest.lock",
			);
			name = "[CP] Check Pods Manifest.lock";
			outputPaths = (
				"$(DERIVED_FILE_DIR)/Pods-WeatherForecast-checkManifestLockResult.txt",
			);
			runOnlyForDeploymentPostprocessing = 0;
			shellPath = /bin/sh;
			shellScript = "diff \"${PODS_PODFILE_DIR_PATH}/Podfile.lock\" \"${PODS_ROOT}/Manifest.lock\" > /dev/null\nif [ $? != 0 ] ; then\n    # print error to STDERR\n    echo \"error: The sandbox is not in sync with the Podfile.lock. Run 'pod install' or update your CocoaPods installation.\" >&2\n    exit 1\nfi\n# This output is used by Xcode 'outputs' to avoid re-running this script phase.\necho \"SUCCESS\" > \"${SCRIPT_OUTPUT_FILE_0}\"\n";
			showEnvVarsInLog = 0;
		};
/* End PBXShellScriptBuildPhase section */

/* Begin PBXSourcesBuildPhase section */
		93FD6C32208BA9F60060FEA0 /* Sources */ = {
			isa = PBXSourcesBuildPhase;
			buildActionMask = 2147483647;
			files = (
				93FD6C8D208C987E0060FEA0 /* UIViewController+Extension.swift in Sources */,
				93FD6C66208BAC1F0060FEA0 /* Model.swift in Sources */,
				93FD6C93208C99220060FEA0 /* UINib+Extension.swift in Sources */,
				93FD6C70208BAD190060FEA0 /* Optinal+Extension.swift in Sources */,
				93FD6CA5208CB8EE0060FEA0 /* LocalStoreManager+Public.swift in Sources */,
				93FD6C80208BBFE20060FEA0 /* Constans.swift in Sources */,
				93FD6C84208BC7A60060FEA0 /* ApiConstans.swift in Sources */,
				93FD6C8B208BCF0C0060FEA0 /* RLMWeather.swift in Sources */,
				93FD6C6C208BAC1F0060FEA0 /* ID.swift in Sources */,
				93FD6CAE208CDE3E0060FEA0 /* WeatherCollectionViewCell.swift in Sources */,
				93FD6C8F208C99040060FEA0 /* RawRepresentable.swift in Sources */,
				93FD6C75208BAD840060FEA0 /* Functions.swift in Sources */,
				93FD6C73208BAD490060FEA0 /* Codable+Extension.swift in Sources */,
				93FD6C58208BABBC0060FEA0 /* WeatherChartViewController.swift in Sources */,
				93FD6CA1208CAA2E0060FEA0 /* RLMCity.swift in Sources */,
				93FD6C3A208BA9F60060FEA0 /* AppDelegate.swift in Sources */,
				93FD6C56208BAB190060FEA0 /* WeatherViewController.swift in Sources */,
				93FD6C69208BAC1F0060FEA0 /* Atomic.swift in Sources */,
				93FD6C6D208BAC1F0060FEA0 /* IDProvider.swift in Sources */,
				93FD6C6E208BAC1F0060FEA0 /* Realm+Extension.swift in Sources */,
				93FD6C95208C99620060FEA0 /* UICollectionView+Extension.swift in Sources */,
				93FD6C88208BCEEC0060FEA0 /* Weather.swift in Sources */,
				93FD6C86208BCC6F0060FEA0 /* ApiClient.swift in Sources */,
				93FD6C9F208CAA120060FEA0 /* City.swift in Sources */,
				93FD6CA3208CB8530060FEA0 /* LocalStorageManager.swift in Sources */,
				93FD6C82208BC5FD0060FEA0 /* EndPoinst.swift in Sources */,
				93FD6C9D208C9FCC0060FEA0 /* AbstractApiClient.swift in Sources */,
				93FD6C52208BAAAC0060FEA0 /* RootNavigationController.swift in Sources */,
				93FD6C7D208BBB8C0060FEA0 /* WeatherRegions.swift in Sources */,
				93FD6C67208BAC1F0060FEA0 /* RMLModel.swift in Sources */,
				93FD6CA7208CCA280060FEA0 /* DataManager.swift in Sources */,
				93FD6C68208BAC1F0060FEA0 /* WeakBox.swift in Sources */,
				93FD6C9B208C99B60060FEA0 /* String+Extension.swift in Sources */,
				93FD6C97208C997E0060FEA0 /* UIViewController+Alert.swift in Sources */,
			);
			runOnlyForDeploymentPostprocessing = 0;
		};
/* End PBXSourcesBuildPhase section */

/* Begin PBXVariantGroup section */
		93FD6C3D208BA9F60060FEA0 /* Main.storyboard */ = {
			isa = PBXVariantGroup;
			children = (
				93FD6C3E208BA9F60060FEA0 /* Base */,
			);
			name = Main.storyboard;
			sourceTree = "<group>";
		};
		93FD6C42208BA9F80060FEA0 /* LaunchScreen.storyboard */ = {
			isa = PBXVariantGroup;
			children = (
				93FD6C43208BA9F80060FEA0 /* Base */,
			);
			name = LaunchScreen.storyboard;
			sourceTree = "<group>";
		};
/* End PBXVariantGroup section */

/* Begin XCBuildConfiguration section */
		93FD6C46208BA9F80060FEA0 /* Debug */ = {
			isa = XCBuildConfiguration;
			buildSettings = {
				ALWAYS_SEARCH_USER_PATHS = NO;
				CLANG_ANALYZER_NONNULL = YES;
				CLANG_ANALYZER_NUMBER_OBJECT_CONVERSION = YES_AGGRESSIVE;
				CLANG_CXX_LANGUAGE_STANDARD = "gnu++14";
				CLANG_CXX_LIBRARY = "libc++";
				CLANG_ENABLE_MODULES = YES;
				CLANG_ENABLE_OBJC_ARC = YES;
				CLANG_ENABLE_OBJC_WEAK = YES;
				CLANG_WARN_BLOCK_CAPTURE_AUTORELEASING = YES;
				CLANG_WARN_BOOL_CONVERSION = YES;
				CLANG_WARN_COMMA = YES;
				CLANG_WARN_CONSTANT_CONVERSION = YES;
				CLANG_WARN_DEPRECATED_OBJC_IMPLEMENTATIONS = YES;
				CLANG_WARN_DIRECT_OBJC_ISA_USAGE = YES_ERROR;
				CLANG_WARN_DOCUMENTATION_COMMENTS = YES;
				CLANG_WARN_EMPTY_BODY = YES;
				CLANG_WARN_ENUM_CONVERSION = YES;
				CLANG_WARN_INFINITE_RECURSION = YES;
				CLANG_WARN_INT_CONVERSION = YES;
				CLANG_WARN_NON_LITERAL_NULL_CONVERSION = YES;
				CLANG_WARN_OBJC_IMPLICIT_RETAIN_SELF = YES;
				CLANG_WARN_OBJC_LITERAL_CONVERSION = YES;
				CLANG_WARN_OBJC_ROOT_CLASS = YES_ERROR;
				CLANG_WARN_RANGE_LOOP_ANALYSIS = YES;
				CLANG_WARN_STRICT_PROTOTYPES = YES;
				CLANG_WARN_SUSPICIOUS_MOVE = YES;
				CLANG_WARN_UNGUARDED_AVAILABILITY = YES_AGGRESSIVE;
				CLANG_WARN_UNREACHABLE_CODE = YES;
				CLANG_WARN__DUPLICATE_METHOD_MATCH = YES;
				CODE_SIGN_IDENTITY = "iPhone Developer";
				COPY_PHASE_STRIP = NO;
				DEBUG_INFORMATION_FORMAT = dwarf;
				ENABLE_STRICT_OBJC_MSGSEND = YES;
				ENABLE_TESTABILITY = YES;
				GCC_C_LANGUAGE_STANDARD = gnu11;
				GCC_DYNAMIC_NO_PIC = NO;
				GCC_NO_COMMON_BLOCKS = YES;
				GCC_OPTIMIZATION_LEVEL = 0;
				GCC_PREPROCESSOR_DEFINITIONS = (
					"DEBUG=1",
					"$(inherited)",
				);
				GCC_WARN_64_TO_32_BIT_CONVERSION = YES;
				GCC_WARN_ABOUT_RETURN_TYPE = YES_ERROR;
				GCC_WARN_UNDECLARED_SELECTOR = YES;
				GCC_WARN_UNINITIALIZED_AUTOS = YES_AGGRESSIVE;
				GCC_WARN_UNUSED_FUNCTION = YES;
				GCC_WARN_UNUSED_VARIABLE = YES;
				IPHONEOS_DEPLOYMENT_TARGET = 11.3;
				MTL_ENABLE_DEBUG_INFO = YES;
				ONLY_ACTIVE_ARCH = YES;
				SDKROOT = iphoneos;
				SWIFT_ACTIVE_COMPILATION_CONDITIONS = DEBUG;
				SWIFT_OPTIMIZATION_LEVEL = "-Onone";
			};
			name = Debug;
		};
		93FD6C47208BA9F80060FEA0 /* Release */ = {
			isa = XCBuildConfiguration;
			buildSettings = {
				ALWAYS_SEARCH_USER_PATHS = NO;
				CLANG_ANALYZER_NONNULL = YES;
				CLANG_ANALYZER_NUMBER_OBJECT_CONVERSION = YES_AGGRESSIVE;
				CLANG_CXX_LANGUAGE_STANDARD = "gnu++14";
				CLANG_CXX_LIBRARY = "libc++";
				CLANG_ENABLE_MODULES = YES;
				CLANG_ENABLE_OBJC_ARC = YES;
				CLANG_ENABLE_OBJC_WEAK = YES;
				CLANG_WARN_BLOCK_CAPTURE_AUTORELEASING = YES;
				CLANG_WARN_BOOL_CONVERSION = YES;
				CLANG_WARN_COMMA = YES;
				CLANG_WARN_CONSTANT_CONVERSION = YES;
				CLANG_WARN_DEPRECATED_OBJC_IMPLEMENTATIONS = YES;
				CLANG_WARN_DIRECT_OBJC_ISA_USAGE = YES_ERROR;
				CLANG_WARN_DOCUMENTATION_COMMENTS = YES;
				CLANG_WARN_EMPTY_BODY = YES;
				CLANG_WARN_ENUM_CONVERSION = YES;
				CLANG_WARN_INFINITE_RECURSION = YES;
				CLANG_WARN_INT_CONVERSION = YES;
				CLANG_WARN_NON_LITERAL_NULL_CONVERSION = YES;
				CLANG_WARN_OBJC_IMPLICIT_RETAIN_SELF = YES;
				CLANG_WARN_OBJC_LITERAL_CONVERSION = YES;
				CLANG_WARN_OBJC_ROOT_CLASS = YES_ERROR;
				CLANG_WARN_RANGE_LOOP_ANALYSIS = YES;
				CLANG_WARN_STRICT_PROTOTYPES = YES;
				CLANG_WARN_SUSPICIOUS_MOVE = YES;
				CLANG_WARN_UNGUARDED_AVAILABILITY = YES_AGGRESSIVE;
				CLANG_WARN_UNREACHABLE_CODE = YES;
				CLANG_WARN__DUPLICATE_METHOD_MATCH = YES;
				CODE_SIGN_IDENTITY = "iPhone Developer";
				COPY_PHASE_STRIP = NO;
				DEBUG_INFORMATION_FORMAT = "dwarf-with-dsym";
				ENABLE_NS_ASSERTIONS = NO;
				ENABLE_STRICT_OBJC_MSGSEND = YES;
				GCC_C_LANGUAGE_STANDARD = gnu11;
				GCC_NO_COMMON_BLOCKS = YES;
				GCC_WARN_64_TO_32_BIT_CONVERSION = YES;
				GCC_WARN_ABOUT_RETURN_TYPE = YES_ERROR;
				GCC_WARN_UNDECLARED_SELECTOR = YES;
				GCC_WARN_UNINITIALIZED_AUTOS = YES_AGGRESSIVE;
				GCC_WARN_UNUSED_FUNCTION = YES;
				GCC_WARN_UNUSED_VARIABLE = YES;
				IPHONEOS_DEPLOYMENT_TARGET = 11.3;
				MTL_ENABLE_DEBUG_INFO = NO;
				SDKROOT = iphoneos;
				SWIFT_COMPILATION_MODE = wholemodule;
				SWIFT_OPTIMIZATION_LEVEL = "-O";
				VALIDATE_PRODUCT = YES;
			};
			name = Release;
		};
		93FD6C49208BA9F80060FEA0 /* Debug */ = {
			isa = XCBuildConfiguration;
			baseConfigurationReference = B0288AF0179C53B386463B28 /* Pods-WeatherForecast.debug.xcconfig */;
			buildSettings = {
				ASSETCATALOG_COMPILER_APPICON_NAME = AppIcon;
				CODE_SIGN_STYLE = Automatic;
				DEVELOPMENT_TEAM = 2MQ5R4FSP4;
				INFOPLIST_FILE = WeatherForecast/Info.plist;
				LD_RUNPATH_SEARCH_PATHS = (
					"$(inherited)",
					"@executable_path/Frameworks",
				);
				PRODUCT_BUNDLE_IDENTIFIER = "Nikola-Andriiev.WeatherForecast";
				PRODUCT_NAME = "$(TARGET_NAME)";
				SWIFT_VERSION = 4.0;
				TARGETED_DEVICE_FAMILY = "1,2";
			};
			name = Debug;
		};
		93FD6C4A208BA9F80060FEA0 /* Release */ = {
			isa = XCBuildConfiguration;
			baseConfigurationReference = A9914B188F1111B972420176 /* Pods-WeatherForecast.release.xcconfig */;
			buildSettings = {
				ASSETCATALOG_COMPILER_APPICON_NAME = AppIcon;
				CODE_SIGN_STYLE = Automatic;
				DEVELOPMENT_TEAM = 2MQ5R4FSP4;
				INFOPLIST_FILE = WeatherForecast/Info.plist;
				LD_RUNPATH_SEARCH_PATHS = (
					"$(inherited)",
					"@executable_path/Frameworks",
				);
				PRODUCT_BUNDLE_IDENTIFIER = "Nikola-Andriiev.WeatherForecast";
				PRODUCT_NAME = "$(TARGET_NAME)";
				SWIFT_VERSION = 4.0;
				TARGETED_DEVICE_FAMILY = "1,2";
			};
			name = Release;
		};
/* End XCBuildConfiguration section */

/* Begin XCConfigurationList section */
		93FD6C31208BA9F50060FEA0 /* Build configuration list for PBXProject "WeatherForecast" */ = {
			isa = XCConfigurationList;
			buildConfigurations = (
				93FD6C46208BA9F80060FEA0 /* Debug */,
				93FD6C47208BA9F80060FEA0 /* Release */,
			);
			defaultConfigurationIsVisible = 0;
			defaultConfigurationName = Release;
		};
		93FD6C48208BA9F80060FEA0 /* Build configuration list for PBXNativeTarget "WeatherForecast" */ = {
			isa = XCConfigurationList;
			buildConfigurations = (
				93FD6C49208BA9F80060FEA0 /* Debug */,
				93FD6C4A208BA9F80060FEA0 /* Release */,
			);
			defaultConfigurationIsVisible = 0;
			defaultConfigurationName = Release;
		};
/* End XCConfigurationList section */
	};
	rootObject = 93FD6C2E208BA9F50060FEA0 /* Project object */;
}
